Microsoft Visual Studio Solution File, Format Version 12.00
# Visual Studio Version 17
VisualStudioVersion = 17.0.31912.275
MinimumVisualStudioVersion = 10.0.40219.1
Project("{9A19103F-16F7-4668-BE54-9A1E7A4F7556}") = "DisasterAlleviation", "DisasterAlleviation.csproj", "{480BF6CA-6955-4A30-88C4-DDC4F0128A06}"
EndProject
Global
	GlobalSection(SolutionConfigurationPlatforms) = preSolution
		Debug|Any CPU x64 = Debug|Any CPU x64
		Release|Any CPU x64 = Release|Any CPU x64
	EndGlobalSection
	GlobalSection(ProjectConfigurationPlatforms) = postSolution
		{480BF6CA-6955-4A30-88C4-DDC4F0128A06}.Debug|Any CPU x64.ActiveCfg = Debug|Any CPU
		{480BF6CA-6955-4A30-88C4-DDC4F0128A06}.Debug|Any CPU x64.Build.0 = Debug|Any CPU
		{480BF6CA-6955-4A30-88C4-DDC4F0128A06}.Release|Any CPU x64.ActiveCfg = Release|Any CPU
		{480BF6CA-6955-4A30-88C4-DDC4F0128A06}.Release|Any CPU x64.Build.0 = Release|Any CPU
	EndGlobalSection
	GlobalSection(SolutionProperties) = preSolution
		HideSolutionNode = FALSE
	EndGlobalSection
	GlobalSection(ExtensibilityGlobals) = postSolution
		SolutionGuid = {04BD09E6-F741-4F48-AB6A-E55B24F8A82A}
	EndGlobalSection
EndGlobal
